
Microsoft Visual Studio Solution File, Format Version 12.00
# Visual Studio 15
VisualStudioVersion = 15.0.27703.2042
MinimumVisualStudioVersion = 10.0.40219.1
Project("{FAE04EC0-301F-11D3-BF4B-00C04F79EFBC}") = "BookStoreProgramm", "BookStoreProgramm\BookStoreProgramm.csproj", "{A1265AA4-8E86-443E-A4EB-B2941F440BDF}"
EndProject
Project("{FAE04EC0-301F-11D3-BF4B-00C04F79EFBC}") = "Presentation", "Presentation\Presentation.csproj", "{FCF90475-F045-4498-9ED3-7568C3098EFF}"
EndProject
Project("{FAE04EC0-301F-11D3-BF4B-00C04F79EFBC}") = "BusinessLogic", "BusinessLogic\BusinessLogic.csproj", "{9FEDAD8E-D219-48C0-987D-E897606F56A0}"
EndProject
Project("{FAE04EC0-301F-11D3-BF4B-00C04F79EFBC}") = "DataAccess", "DataAccess\DataAccess.csproj", "{047F5A9B-19E4-4EDA-9DBF-F46E40396123}"
EndProject
Project("{FAE04EC0-301F-11D3-BF4B-00C04F79EFBC}") = "Definitions", "Definitions\Definitions.csproj", "{DCB5EC2B-09C4-44E0-89EC-B7DADFF434F6}"
EndProject
Global
	GlobalSection(SolutionConfigurationPlatforms) = preSolution
		Debug|Any CPU = Debug|Any CPU
		Release|Any CPU = Release|Any CPU
	EndGlobalSection
	GlobalSection(ProjectConfigurationPlatforms) = postSolution
		{A1265AA4-8E86-443E-A4EB-B2941F440BDF}.Debug|Any CPU.ActiveCfg = Debug|Any CPU
		{A1265AA4-8E86-443E-A4EB-B2941F440BDF}.Debug|Any CPU.Build.0 = Debug|Any CPU
		{A1265AA4-8E86-443E-A4EB-B2941F440BDF}.Release|Any CPU.ActiveCfg = Release|Any CPU
		{A1265AA4-8E86-443E-A4EB-B2941F440BDF}.Release|Any CPU.Build.0 = Release|Any CPU
		{FCF90475-F045-4498-9ED3-7568C3098EFF}.Debug|Any CPU.ActiveCfg = Debug|Any CPU
		{FCF90475-F045-4498-9ED3-7568C3098EFF}.Debug|Any CPU.Build.0 = Debug|Any CPU
		{FCF90475-F045-4498-9ED3-7568C3098EFF}.Release|Any CPU.ActiveCfg = Release|Any CPU
		{FCF90475-F045-4498-9ED3-7568C3098EFF}.Release|Any CPU.Build.0 = Release|Any CPU
		{9FEDAD8E-D219-48C0-987D-E897606F56A0}.Debug|Any CPU.ActiveCfg = Debug|Any CPU
		{9FEDAD8E-D219-48C0-987D-E897606F56A0}.Debug|Any CPU.Build.0 = Debug|Any CPU
		{9FEDAD8E-D219-48C0-987D-E897606F56A0}.Release|Any CPU.ActiveCfg = Release|Any CPU
		{9FEDAD8E-D219-48C0-987D-E897606F56A0}.Release|Any CPU.Build.0 = Release|Any CPU
		{047F5A9B-19E4-4EDA-9DBF-F46E40396123}.Debug|Any CPU.ActiveCfg = Debug|Any CPU
		{047F5A9B-19E4-4EDA-9DBF-F46E40396123}.Debug|Any CPU.Build.0 = Debug|Any CPU
		{047F5A9B-19E4-4EDA-9DBF-F46E40396123}.Release|Any CPU.ActiveCfg = Release|Any CPU
		{047F5A9B-19E4-4EDA-9DBF-F46E40396123}.Release|Any CPU.Build.0 = Release|Any CPU
		{DCB5EC2B-09C4-44E0-89EC-B7DADFF434F6}.Debug|Any CPU.ActiveCfg = Debug|Any CPU
		{DCB5EC2B-09C4-44E0-89EC-B7DADFF434F6}.Debug|Any CPU.Build.0 = Debug|Any CPU
		{DCB5EC2B-09C4-44E0-89EC-B7DADFF434F6}.Release|Any CPU.ActiveCfg = Release|Any CPU
		{DCB5EC2B-09C4-44E0-89EC-B7DADFF434F6}.Release|Any CPU.Build.0 = Release|Any CPU
	EndGlobalSection
	GlobalSection(SolutionProperties) = preSolution
		HideSolutionNode = FALSE
	EndGlobalSection
	GlobalSection(ExtensibilityGlobals) = postSolution
		SolutionGuid = {A2D85142-EF93-4318-9E47-1FD47D83E0FD}
	EndGlobalSection
EndGlobal
